
Microsoft Visual Studio Solution File, Format Version 12.00
# Visual Studio Version 16
VisualStudioVersion = 16.0.33529.622
MinimumVisualStudioVersion = 10.0.40219.1
Project("{FAE04EC0-301F-11D3-BF4B-00C04F79EFBC}") = "Problem_01", "Problem_01\Problem_01.csproj", "{91D148AB-CC16-4469-9784-FDCD9047FC00}"
EndProject
Global
	GlobalSection(SolutionConfigurationPlatforms) = preSolution
		Debug|Any CPU = Debug|Any CPU
		Release|Any CPU = Release|Any CPU
	EndGlobalSection
	GlobalSection(ProjectConfigurationPlatforms) = postSolution
		{91D148AB-CC16-4469-9784-FDCD9047FC00}.Debug|Any CPU.ActiveCfg = Debug|Any CPU
		{91D148AB-CC16-4469-9784-FDCD9047FC00}.Debug|Any CPU.Build.0 = Debug|Any CPU
		{91D148AB-CC16-4469-9784-FDCD9047FC00}.Release|Any CPU.ActiveCfg = Release|Any CPU
		{91D148AB-CC16-4469-9784-FDCD9047FC00}.Release|Any CPU.Build.0 = Release|Any CPU
	EndGlobalSection
	GlobalSection(SolutionProperties) = preSolution
		HideSolutionNode = FALSE
	EndGlobalSection
	GlobalSection(ExtensibilityGlobals) = postSolution
		SolutionGuid = {F880B9FA-0B73-4EE0-85CE-FD2DCD140601}
	EndGlobalSection
EndGlobal
