
Microsoft Visual Studio Solution File, Format Version 12.00
# Visual Studio Version 16
VisualStudioVersion = 16.0.33529.622
MinimumVisualStudioVersion = 10.0.40219.1
Project("{FAE04EC0-301F-11D3-BF4B-00C04F79EFBC}") = "Application (v_2)", "Application (v_2)\Application (v_2).csproj", "{D0ADD04C-E488-470B-820B-D183EC499C49}"
EndProject
Global
	GlobalSection(SolutionConfigurationPlatforms) = preSolution
		Debug|Any CPU = Debug|Any CPU
		Release|Any CPU = Release|Any CPU
	EndGlobalSection
	GlobalSection(ProjectConfigurationPlatforms) = postSolution
		{D0ADD04C-E488-470B-820B-D183EC499C49}.Debug|Any CPU.ActiveCfg = Debug|Any CPU
		{D0ADD04C-E488-470B-820B-D183EC499C49}.Debug|Any CPU.Build.0 = Debug|Any CPU
		{D0ADD04C-E488-470B-820B-D183EC499C49}.Release|Any CPU.ActiveCfg = Release|Any CPU
		{D0ADD04C-E488-470B-820B-D183EC499C49}.Release|Any CPU.Build.0 = Release|Any CPU
	EndGlobalSection
	GlobalSection(SolutionProperties) = preSolution
		HideSolutionNode = FALSE
	EndGlobalSection
	GlobalSection(ExtensibilityGlobals) = postSolution
		SolutionGuid = {08734AFC-FDF7-41B3-8CB5-E10744A4A9C0}
	EndGlobalSection
EndGlobal
