
Microsoft Visual Studio Solution File, Format Version 12.00
# Visual Studio Version 16
VisualStudioVersion = 16.0.33529.622
MinimumVisualStudioVersion = 10.0.40219.1
Project("{FAE04EC0-301F-11D3-BF4B-00C04F79EFBC}") = "Game(v_3)", "Game(v_3)\Game(v_3).csproj", "{DE34F386-02AF-4504-844C-B82268AA99C4}"
EndProject
Global
	GlobalSection(SolutionConfigurationPlatforms) = preSolution
		Debug|Any CPU = Debug|Any CPU
		Release|Any CPU = Release|Any CPU
	EndGlobalSection
	GlobalSection(ProjectConfigurationPlatforms) = postSolution
		{DE34F386-02AF-4504-844C-B82268AA99C4}.Debug|Any CPU.ActiveCfg = Debug|Any CPU
		{DE34F386-02AF-4504-844C-B82268AA99C4}.Debug|Any CPU.Build.0 = Debug|Any CPU
		{DE34F386-02AF-4504-844C-B82268AA99C4}.Release|Any CPU.ActiveCfg = Release|Any CPU
		{DE34F386-02AF-4504-844C-B82268AA99C4}.Release|Any CPU.Build.0 = Release|Any CPU
	EndGlobalSection
	GlobalSection(SolutionProperties) = preSolution
		HideSolutionNode = FALSE
	EndGlobalSection
	GlobalSection(ExtensibilityGlobals) = postSolution
		SolutionGuid = {235E9662-9132-4509-BB1A-E8901DDD44B5}
	EndGlobalSection
EndGlobal
