
Microsoft Visual Studio Solution File, Format Version 12.00
# Visual Studio Version 16
VisualStudioVersion = 16.0.33529.622
MinimumVisualStudioVersion = 10.0.40219.1
Project("{FAE04EC0-301F-11D3-BF4B-00C04F79EFBC}") = "1st_App_Desktop", "1st_App_Desktop\1st_App_Desktop.csproj", "{FF3960ED-850F-4D7A-8692-A728A9467241}"
EndProject
Global
	GlobalSection(SolutionConfigurationPlatforms) = preSolution
		Debug|Any CPU = Debug|Any CPU
		Release|Any CPU = Release|Any CPU
	EndGlobalSection
	GlobalSection(ProjectConfigurationPlatforms) = postSolution
		{FF3960ED-850F-4D7A-8692-A728A9467241}.Debug|Any CPU.ActiveCfg = Debug|Any CPU
		{FF3960ED-850F-4D7A-8692-A728A9467241}.Debug|Any CPU.Build.0 = Debug|Any CPU
		{FF3960ED-850F-4D7A-8692-A728A9467241}.Release|Any CPU.ActiveCfg = Release|Any CPU
		{FF3960ED-850F-4D7A-8692-A728A9467241}.Release|Any CPU.Build.0 = Release|Any CPU
	EndGlobalSection
	GlobalSection(SolutionProperties) = preSolution
		HideSolutionNode = FALSE
	EndGlobalSection
	GlobalSection(ExtensibilityGlobals) = postSolution
		SolutionGuid = {EB77A0B3-7B6E-4043-90D2-E0B2B5CC4A41}
	EndGlobalSection
EndGlobal
