
Microsoft Visual Studio Solution File, Format Version 12.00
# Visual Studio Version 16
VisualStudioVersion = 16.0.33529.622
MinimumVisualStudioVersion = 10.0.40219.1
Project("{FAE04EC0-301F-11D3-BF4B-00C04F79EFBC}") = "Application(v_4)", "Application(v_4)\Application(v_4).csproj", "{ED5B5D7F-B45C-408B-84CE-67AA66B194F6}"
EndProject
Global
	GlobalSection(SolutionConfigurationPlatforms) = preSolution
		Debug|Any CPU = Debug|Any CPU
		Release|Any CPU = Release|Any CPU
	EndGlobalSection
	GlobalSection(ProjectConfigurationPlatforms) = postSolution
		{ED5B5D7F-B45C-408B-84CE-67AA66B194F6}.Debug|Any CPU.ActiveCfg = Debug|Any CPU
		{ED5B5D7F-B45C-408B-84CE-67AA66B194F6}.Debug|Any CPU.Build.0 = Debug|Any CPU
		{ED5B5D7F-B45C-408B-84CE-67AA66B194F6}.Release|Any CPU.ActiveCfg = Release|Any CPU
		{ED5B5D7F-B45C-408B-84CE-67AA66B194F6}.Release|Any CPU.Build.0 = Release|Any CPU
	EndGlobalSection
	GlobalSection(SolutionProperties) = preSolution
		HideSolutionNode = FALSE
	EndGlobalSection
	GlobalSection(ExtensibilityGlobals) = postSolution
		SolutionGuid = {103FDF3F-1E88-4678-89D7-27A5FA50A221}
	EndGlobalSection
EndGlobal
